// !$*UTF8*$!
{
	archiveVersion = 1;
	classes = {
	};
	objectVersion = 50;
	objects = {

/* Begin PBXBuildFile section */
		C8C17D7124CEB0DD00D015AF /* main.c in Sources */ = {isa = PBXBuildFile; fileRef = C8C17D7024CEB0DD00D015AF /* main.c */; };
		C8C186BE24CEC1A000D015AF /* sym.c in Sources */ = {isa = PBXBuildFile; fileRef = C8C186BD24CEC1A000D015AF /* sym.c */; };
		C8C186C924CED28A00D015AF /* alloc.c in Sources */ = {isa = PBXBuildFile; fileRef = C8C186C824CED28A00D015AF /* alloc.c */; };
		C8C186CB24CED2FB00D015AF /* error.c in Sources */ = {isa = PBXBuildFile; fileRef = C8C186CA24CED2FB00D015AF /* error.c */; };
		C8C186CD24CED32600D015AF /* string.c in Sources */ = {isa = PBXBuildFile; fileRef = C8C186CC24CED32600D015AF /* string.c */; };
		C8C186CF24CED42800D015AF /* input.c in Sources */ = {isa = PBXBuildFile; fileRef = C8C186CE24CED42800D015AF /* input.c */; };
		C8C186D124CED50400D015AF /* output.c in Sources */ = {isa = PBXBuildFile; fileRef = C8C186D024CED50400D015AF /* output.c */; };
		C8C186D324CED62000D015AF /* lex.c in Sources */ = {isa = PBXBuildFile; fileRef = C8C186D224CED62000D015AF /* lex.c */; };
/* End PBXBuildFile section */

/* Begin PBXCopyFilesBuildPhase section */
		C8C17D6B24CEB0DD00D015AF /* CopyFiles */ = {
			isa = PBXCopyFilesBuildPhase;
			buildActionMask = 2147483647;
			dstPath = /usr/share/man/man1/;
			dstSubfolderSpec = 0;
			files = (
			);
			runOnlyForDeploymentPostprocessing = 1;
		};
/* End PBXCopyFilesBuildPhase section */

/* Begin PBXFileReference section */
		C8C17D6D24CEB0DD00D015AF /* lcc */ = {isa = PBXFileReference; explicitFileType = "compiled.mach-o.executable"; includeInIndex = 0; path = lcc; sourceTree = BUILT_PRODUCTS_DIR; };
		C8C17D7024CEB0DD00D015AF /* main.c */ = {isa = PBXFileReference; lastKnownFileType = sourcecode.c.c; path = main.c; sourceTree = "<group>"; };
		C8C17D7A24CEB13C00D015AF /* c.h */ = {isa = PBXFileReference; fileEncoding = 4; lastKnownFileType = sourcecode.c.h; path = c.h; sourceTree = "<group>"; };
		C8C186BD24CEC1A000D015AF /* sym.c */ = {isa = PBXFileReference; lastKnownFileType = sourcecode.c.c; path = sym.c; sourceTree = "<group>"; };
		C8C186C124CED0E800D015AF /* libc.tbd */ = {isa = PBXFileReference; lastKnownFileType = "sourcecode.text-based-dylib-definition"; name = libc.tbd; path = usr/lib/libc.tbd; sourceTree = SDKROOT; };
		C8C186C824CED28A00D015AF /* alloc.c */ = {isa = PBXFileReference; lastKnownFileType = sourcecode.c.c; path = alloc.c; sourceTree = "<group>"; };
		C8C186CA24CED2FB00D015AF /* error.c */ = {isa = PBXFileReference; lastKnownFileType = sourcecode.c.c; path = error.c; sourceTree = "<group>"; };
		C8C186CC24CED32600D015AF /* string.c */ = {isa = PBXFileReference; lastKnownFileType = sourcecode.c.c; path = string.c; sourceTree = "<group>"; };
		C8C186CE24CED42800D015AF /* input.c */ = {isa = PBXFileReference; lastKnownFileType = sourcecode.c.c; path = input.c; sourceTree = "<group>"; };
		C8C186D024CED50400D015AF /* output.c */ = {isa = PBXFileReference; lastKnownFileType = sourcecode.c.c; path = output.c; sourceTree = "<group>"; };
		C8C186D224CED62000D015AF /* lex.c */ = {isa = PBXFileReference; lastKnownFileType = sourcecode.c.c; path = lex.c; sourceTree = "<group>"; };
/* End PBXFileReference section */

/* Begin PBXFrameworksBuildPhase section */
		C8C17D6A24CEB0DD00D015AF /* Frameworks */ = {
			isa = PBXFrameworksBuildPhase;
			buildActionMask = 2147483647;
			files = (
			);
			runOnlyForDeploymentPostprocessing = 0;
		};
/* End PBXFrameworksBuildPhase section */

/* Begin PBXGroup section */
		C8C17D6424CEB0DD00D015AF = {
			isa = PBXGroup;
			children = (
				C8C17D6F24CEB0DD00D015AF /* lcc */,
				C8C17D6E24CEB0DD00D015AF /* Products */,
				C8C186C024CED0E800D015AF /* Frameworks */,
			);
			sourceTree = "<group>";
		};
		C8C17D6E24CEB0DD00D015AF /* Products */ = {
			isa = PBXGroup;
			children = (
				C8C17D6D24CEB0DD00D015AF /* lcc */,
			);
			name = Products;
			sourceTree = "<group>";
		};
		C8C17D6F24CEB0DD00D015AF /* lcc */ = {
			isa = PBXGroup;
			children = (
				C8C17D7024CEB0DD00D015AF /* main.c */,
				C8C17D7724CEB12700D015AF /* src */,
			);
			path = lcc;
			sourceTree = "<group>";
		};
		C8C17D7724CEB12700D015AF /* src */ = {
			isa = PBXGroup;
			children = (
				C8C17D7A24CEB13C00D015AF /* c.h */,
				C8C186BD24CEC1A000D015AF /* sym.c */,
				C8C186C824CED28A00D015AF /* alloc.c */,
				C8C186CA24CED2FB00D015AF /* error.c */,
				C8C186CC24CED32600D015AF /* string.c */,
				C8C186CE24CED42800D015AF /* input.c */,
				C8C186D024CED50400D015AF /* output.c */,
				C8C186D224CED62000D015AF /* lex.c */,
			);
			path = src;
			sourceTree = "<group>";
		};
		C8C186C024CED0E800D015AF /* Frameworks */ = {
			isa = PBXGroup;
			children = (
				C8C186C124CED0E800D015AF /* libc.tbd */,
			);
			name = Frameworks;
			sourceTree = "<group>";
		};
/* End PBXGroup section */

/* Begin PBXNativeTarget section */
		C8C17D6C24CEB0DD00D015AF /* lcc */ = {
			isa = PBXNativeTarget;
			buildConfigurationList = C8C17D7424CEB0DD00D015AF /* Build configuration list for PBXNativeTarget "lcc" */;
			buildPhases = (
				C8C17D6924CEB0DD00D015AF /* Sources */,
				C8C17D6A24CEB0DD00D015AF /* Frameworks */,
				C8C17D6B24CEB0DD00D015AF /* CopyFiles */,
			);
			buildRules = (
			);
			dependencies = (
			);
			name = lcc;
			productName = lcc;
			productReference = C8C17D6D24CEB0DD00D015AF /* lcc */;
			productType = "com.apple.product-type.tool";
		};
/* End PBXNativeTarget section */

/* Begin PBXProject section */
		C8C17D6524CEB0DD00D015AF /* Project object */ = {
			isa = PBXProject;
			attributes = {
				LastUpgradeCheck = 1120;
				ORGANIZATIONNAME = "Gu,Xuan";
				TargetAttributes = {
					C8C17D6C24CEB0DD00D015AF = {
						CreatedOnToolsVersion = 11.2.1;
					};
				};
			};
			buildConfigurationList = C8C17D6824CEB0DD00D015AF /* Build configuration list for PBXProject "lcc" */;
			compatibilityVersion = "Xcode 9.3";
			developmentRegion = en;
			hasScannedForEncodings = 0;
			knownRegions = (
				en,
				Base,
			);
			mainGroup = C8C17D6424CEB0DD00D015AF;
			productRefGroup = C8C17D6E24CEB0DD00D015AF /* Products */;
			projectDirPath = "";
			projectRoot = "";
			targets = (
				C8C17D6C24CEB0DD00D015AF /* lcc */,
			);
		};
/* End PBXProject section */

/* Begin PBXSourcesBuildPhase section */
		C8C17D6924CEB0DD00D015AF /* Sources */ = {
			isa = PBXSourcesBuildPhase;
			buildActionMask = 2147483647;
			files = (
				C8C186CF24CED42800D015AF /* input.c in Sources */,
				C8C186BE24CEC1A000D015AF /* sym.c in Sources */,
				C8C186CB24CED2FB00D015AF /* error.c in Sources */,
				C8C17D7124CEB0DD00D015AF /* main.c in Sources */,
				C8C186D124CED50400D015AF /* output.c in Sources */,
				C8C186CD24CED32600D015AF /* string.c in Sources */,
				C8C186C924CED28A00D015AF /* alloc.c in Sources */,
				C8C186D324CED62000D015AF /* lex.c in Sources */,
			);
			runOnlyForDeploymentPostprocessing = 0;
		};
/* End PBXSourcesBuildPhase section */

/* Begin XCBuildConfiguration section */
		C8C17D7224CEB0DD00D015AF /* Debug */ = {
			isa = XCBuildConfiguration;
			buildSettings = {
				ALWAYS_SEARCH_USER_PATHS = NO;
				CLANG_ANALYZER_NONNULL = YES;
				CLANG_ANALYZER_NUMBER_OBJECT_CONVERSION = YES_AGGRESSIVE;
				CLANG_CXX_LANGUAGE_STANDARD = "gnu++14";
				CLANG_CXX_LIBRARY = "libc++";
				CLANG_ENABLE_MODULES = YES;
				CLANG_ENABLE_OBJC_ARC = YES;
				CLANG_ENABLE_OBJC_WEAK = YES;
				CLANG_WARN_BLOCK_CAPTURE_AUTORELEASING = YES;
				CLANG_WARN_BOOL_CONVERSION = YES;
				CLANG_WARN_COMMA = YES;
				CLANG_WARN_CONSTANT_CONVERSION = YES;
				CLANG_WARN_DEPRECATED_OBJC_IMPLEMENTATIONS = YES;
				CLANG_WARN_DIRECT_OBJC_ISA_USAGE = YES_ERROR;
				CLANG_WARN_DOCUMENTATION_COMMENTS = YES;
				CLANG_WARN_EMPTY_BODY = YES;
				CLANG_WARN_ENUM_CONVERSION = YES;
				CLANG_WARN_INFINITE_RECURSION = YES;
				CLANG_WARN_INT_CONVERSION = YES;
				CLANG_WARN_NON_LITERAL_NULL_CONVERSION = YES;
				CLANG_WARN_OBJC_IMPLICIT_RETAIN_SELF = YES;
				CLANG_WARN_OBJC_LITERAL_CONVERSION = YES;
				CLANG_WARN_OBJC_ROOT_CLASS = YES_ERROR;
				CLANG_WARN_RANGE_LOOP_ANALYSIS = YES;
				CLANG_WARN_STRICT_PROTOTYPES = YES;
				CLANG_WARN_SUSPICIOUS_MOVE = YES;
				CLANG_WARN_UNGUARDED_AVAILABILITY = YES_AGGRESSIVE;
				CLANG_WARN_UNREACHABLE_CODE = YES;
				CLANG_WARN__DUPLICATE_METHOD_MATCH = YES;
				COPY_PHASE_STRIP = NO;
				DEBUG_INFORMATION_FORMAT = dwarf;
				ENABLE_STRICT_OBJC_MSGSEND = YES;
				ENABLE_TESTABILITY = YES;
				GCC_C_LANGUAGE_STANDARD = gnu11;
				GCC_DYNAMIC_NO_PIC = NO;
				GCC_NO_COMMON_BLOCKS = YES;
				GCC_OPTIMIZATION_LEVEL = 0;
				GCC_PREPROCESSOR_DEFINITIONS = (
					"DEBUG=1",
					"$(inherited)",
				);
				GCC_WARN_64_TO_32_BIT_CONVERSION = YES;
				GCC_WARN_ABOUT_RETURN_TYPE = YES_ERROR;
				GCC_WARN_UNDECLARED_SELECTOR = YES;
				GCC_WARN_UNINITIALIZED_AUTOS = YES_AGGRESSIVE;
				GCC_WARN_UNUSED_FUNCTION = YES;
				GCC_WARN_UNUSED_VARIABLE = YES;
				MACOSX_DEPLOYMENT_TARGET = 10.15;
				MTL_ENABLE_DEBUG_INFO = INCLUDE_SOURCE;
				MTL_FAST_MATH = YES;
				ONLY_ACTIVE_ARCH = YES;
				SDKROOT = macosx;
			};
			name = Debug;
		};
		C8C17D7324CEB0DD00D015AF /* Release */ = {
			isa = XCBuildConfiguration;
			buildSettings = {
				ALWAYS_SEARCH_USER_PATHS = NO;
				CLANG_ANALYZER_NONNULL = YES;
				CLANG_ANALYZER_NUMBER_OBJECT_CONVERSION = YES_AGGRESSIVE;
				CLANG_CXX_LANGUAGE_STANDARD = "gnu++14";
				CLANG_CXX_LIBRARY = "libc++";
				CLANG_ENABLE_MODULES = YES;
				CLANG_ENABLE_OBJC_ARC = YES;
				CLANG_ENABLE_OBJC_WEAK = YES;
				CLANG_WARN_BLOCK_CAPTURE_AUTORELEASING = YES;
				CLANG_WARN_BOOL_CONVERSION = YES;
				CLANG_WARN_COMMA = YES;
				CLANG_WARN_CONSTANT_CONVERSION = YES;
				CLANG_WARN_DEPRECATED_OBJC_IMPLEMENTATIONS = YES;
				CLANG_WARN_DIRECT_OBJC_ISA_USAGE = YES_ERROR;
				CLANG_WARN_DOCUMENTATION_COMMENTS = YES;
				CLANG_WARN_EMPTY_BODY = YES;
				CLANG_WARN_ENUM_CONVERSION = YES;
				CLANG_WARN_INFINITE_RECURSION = YES;
				CLANG_WARN_INT_CONVERSION = YES;
				CLANG_WARN_NON_LITERAL_NULL_CONVERSION = YES;
				CLANG_WARN_OBJC_IMPLICIT_RETAIN_SELF = YES;
				CLANG_WARN_OBJC_LITERAL_CONVERSION = YES;
				CLANG_WARN_OBJC_ROOT_CLASS = YES_ERROR;
				CLANG_WARN_RANGE_LOOP_ANALYSIS = YES;
				CLANG_WARN_STRICT_PROTOTYPES = YES;
				CLANG_WARN_SUSPICIOUS_MOVE = YES;
				CLANG_WARN_UNGUARDED_AVAILABILITY = YES_AGGRESSIVE;
				CLANG_WARN_UNREACHABLE_CODE = YES;
				CLANG_WARN__DUPLICATE_METHOD_MATCH = YES;
				COPY_PHASE_STRIP = NO;
				DEBUG_INFORMATION_FORMAT = "dwarf-with-dsym";
				ENABLE_NS_ASSERTIONS = NO;
				ENABLE_STRICT_OBJC_MSGSEND = YES;
				GCC_C_LANGUAGE_STANDARD = gnu11;
				GCC_NO_COMMON_BLOCKS = YES;
				GCC_WARN_64_TO_32_BIT_CONVERSION = YES;
				GCC_WARN_ABOUT_RETURN_TYPE = YES_ERROR;
				GCC_WARN_UNDECLARED_SELECTOR = YES;
				GCC_WARN_UNINITIALIZED_AUTOS = YES_AGGRESSIVE;
				GCC_WARN_UNUSED_FUNCTION = YES;
				GCC_WARN_UNUSED_VARIABLE = YES;
				MACOSX_DEPLOYMENT_TARGET = 10.15;
				MTL_ENABLE_DEBUG_INFO = NO;
				MTL_FAST_MATH = YES;
				SDKROOT = macosx;
			};
			name = Release;
		};
		C8C17D7524CEB0DD00D015AF /* Debug */ = {
			isa = XCBuildConfiguration;
			buildSettings = {
				ALWAYS_SEARCH_USER_PATHS = YES;
				APPLY_RULES_IN_COPY_HEADERS = YES;
				CLANG_ENABLE_MODULES = NO;
				CODE_SIGN_STYLE = Automatic;
				HEADER_SEARCH_PATHS = "$(SRCROOT)";
				OTHER_LDFLAGS = "-all_load";
				PRODUCT_NAME = "$(TARGET_NAME)";
				USER_HEADER_SEARCH_PATHS = "$(SRCROOT)";
			};
			name = Debug;
		};
		C8C17D7624CEB0DD00D015AF /* Release */ = {
			isa = XCBuildConfiguration;
			buildSettings = {
				ALWAYS_SEARCH_USER_PATHS = YES;
				APPLY_RULES_IN_COPY_HEADERS = YES;
				CLANG_ENABLE_MODULES = NO;
				CODE_SIGN_STYLE = Automatic;
				HEADER_SEARCH_PATHS = "$(SRCROOT)";
				OTHER_LDFLAGS = "-all_load";
				PRODUCT_NAME = "$(TARGET_NAME)";
				USER_HEADER_SEARCH_PATHS = "$(SRCROOT)";
			};
			name = Release;
		};
/* End XCBuildConfiguration section */

/* Begin XCConfigurationList section */
		C8C17D6824CEB0DD00D015AF /* Build configuration list for PBXProject "lcc" */ = {
			isa = XCConfigurationList;
			buildConfigurations = (
				C8C17D7224CEB0DD00D015AF /* Debug */,
				C8C17D7324CEB0DD00D015AF /* Release */,
			);
			defaultConfigurationIsVisible = 0;
			defaultConfigurationName = Release;
		};
		C8C17D7424CEB0DD00D015AF /* Build configuration list for PBXNativeTarget "lcc" */ = {
			isa = XCConfigurationList;
			buildConfigurations = (
				C8C17D7524CEB0DD00D015AF /* Debug */,
				C8C17D7624CEB0DD00D015AF /* Release */,
			);
			defaultConfigurationIsVisible = 0;
			defaultConfigurationName = Release;
		};
/* End XCConfigurationList section */
	};
	rootObject = C8C17D6524CEB0DD00D015AF /* Project object */;
}
